
Microsoft Visual Studio Solution File, Format Version 12.00
# Visual Studio 2012
Project("{FAE04EC0-301F-11D3-BF4B-00C04F79EFBC}") = "TealiumCSharp", "tealiumcsharp\tealiumcsharp.csproj", "{93AE41B3-28F0-4E72-BAAA-BA3410741BED}"
EndProject
Project("{FAE04EC0-301F-11D3-BF4B-00C04F79EFBC}") = "Sample", "Sample\Sample.csproj", "{913891B2-40CB-4090-B8FD-8D38FFE3781B}"
EndProject
Project("{FAE04EC0-301F-11D3-BF4B-00C04F79EFBC}") = "Tests", "Tests\Tests.csproj", "{B409E7F8-7740-46D1-B9C6-75103062937D}"
EndProject
Global
	GlobalSection(SolutionConfigurationPlatforms) = preSolution
		Debug|Any CPU = Debug|Any CPU
		Release|Any CPU = Release|Any CPU
		Debug|iPhoneSimulator = Debug|iPhoneSimulator
		Release|iPhone = Release|iPhone
		Release|iPhoneSimulator = Release|iPhoneSimulator
		Debug|iPhone = Debug|iPhone
	EndGlobalSection
	GlobalSection(ProjectConfigurationPlatforms) = postSolution
		{93AE41B3-28F0-4E72-BAAA-BA3410741BED}.Debug|Any CPU.ActiveCfg = Debug|Any CPU
		{93AE41B3-28F0-4E72-BAAA-BA3410741BED}.Debug|Any CPU.Build.0 = Debug|Any CPU
		{93AE41B3-28F0-4E72-BAAA-BA3410741BED}.Release|Any CPU.ActiveCfg = Release|Any CPU
		{93AE41B3-28F0-4E72-BAAA-BA3410741BED}.Release|Any CPU.Build.0 = Release|Any CPU
		{93AE41B3-28F0-4E72-BAAA-BA3410741BED}.Debug|iPhoneSimulator.ActiveCfg = Debug|Any CPU
		{93AE41B3-28F0-4E72-BAAA-BA3410741BED}.Debug|iPhoneSimulator.Build.0 = Debug|Any CPU
		{93AE41B3-28F0-4E72-BAAA-BA3410741BED}.Release|iPhone.ActiveCfg = Release|Any CPU
		{93AE41B3-28F0-4E72-BAAA-BA3410741BED}.Release|iPhone.Build.0 = Release|Any CPU
		{93AE41B3-28F0-4E72-BAAA-BA3410741BED}.Release|iPhoneSimulator.ActiveCfg = Release|Any CPU
		{93AE41B3-28F0-4E72-BAAA-BA3410741BED}.Release|iPhoneSimulator.Build.0 = Release|Any CPU
		{93AE41B3-28F0-4E72-BAAA-BA3410741BED}.Debug|iPhone.ActiveCfg = Debug|Any CPU
		{93AE41B3-28F0-4E72-BAAA-BA3410741BED}.Debug|iPhone.Build.0 = Debug|Any CPU
		{913891B2-40CB-4090-B8FD-8D38FFE3781B}.Debug|Any CPU.ActiveCfg = Debug|Any CPU
		{913891B2-40CB-4090-B8FD-8D38FFE3781B}.Debug|Any CPU.Build.0 = Debug|Any CPU
		{913891B2-40CB-4090-B8FD-8D38FFE3781B}.Release|Any CPU.ActiveCfg = Release|Any CPU
		{913891B2-40CB-4090-B8FD-8D38FFE3781B}.Release|Any CPU.Build.0 = Release|Any CPU
		{913891B2-40CB-4090-B8FD-8D38FFE3781B}.Debug|iPhoneSimulator.ActiveCfg = Debug|Any CPU
		{913891B2-40CB-4090-B8FD-8D38FFE3781B}.Debug|iPhoneSimulator.Build.0 = Debug|Any CPU
		{913891B2-40CB-4090-B8FD-8D38FFE3781B}.Release|iPhone.ActiveCfg = Release|Any CPU
		{913891B2-40CB-4090-B8FD-8D38FFE3781B}.Release|iPhone.Build.0 = Release|Any CPU
		{913891B2-40CB-4090-B8FD-8D38FFE3781B}.Release|iPhoneSimulator.ActiveCfg = Release|Any CPU
		{913891B2-40CB-4090-B8FD-8D38FFE3781B}.Release|iPhoneSimulator.Build.0 = Release|Any CPU
		{913891B2-40CB-4090-B8FD-8D38FFE3781B}.Debug|iPhone.ActiveCfg = Debug|Any CPU
		{913891B2-40CB-4090-B8FD-8D38FFE3781B}.Debug|iPhone.Build.0 = Debug|Any CPU
		{B409E7F8-7740-46D1-B9C6-75103062937D}.Debug|Any CPU.ActiveCfg = Debug|Any CPU
		{B409E7F8-7740-46D1-B9C6-75103062937D}.Debug|Any CPU.Build.0 = Debug|Any CPU
		{B409E7F8-7740-46D1-B9C6-75103062937D}.Release|Any CPU.ActiveCfg = Release|Any CPU
		{B409E7F8-7740-46D1-B9C6-75103062937D}.Release|Any CPU.Build.0 = Release|Any CPU
		{B409E7F8-7740-46D1-B9C6-75103062937D}.Debug|iPhoneSimulator.ActiveCfg = Debug|Any CPU
		{B409E7F8-7740-46D1-B9C6-75103062937D}.Debug|iPhoneSimulator.Build.0 = Debug|Any CPU
		{B409E7F8-7740-46D1-B9C6-75103062937D}.Release|iPhone.ActiveCfg = Release|Any CPU
		{B409E7F8-7740-46D1-B9C6-75103062937D}.Release|iPhone.Build.0 = Release|Any CPU
		{B409E7F8-7740-46D1-B9C6-75103062937D}.Release|iPhoneSimulator.ActiveCfg = Release|Any CPU
		{B409E7F8-7740-46D1-B9C6-75103062937D}.Release|iPhoneSimulator.Build.0 = Release|Any CPU
		{B409E7F8-7740-46D1-B9C6-75103062937D}.Debug|iPhone.ActiveCfg = Debug|Any CPU
		{B409E7F8-7740-46D1-B9C6-75103062937D}.Debug|iPhone.Build.0 = Debug|Any CPU
	EndGlobalSection
EndGlobal
